
Microsoft Visual Studio Solution File, Format Version 12.00
# Visual Studio 2012
Project("{FAE04EC0-301F-11D3-BF4B-00C04F79EFBC}") = "FirstFloor.ModernUI", "C:\Users\Sako\Desktop\ModernUIExpander-master\FirstFloor.ModernUI\FirstFloor.ModernUI.csproj", "{9A653A28-FE46-40E8-A14F-48B0E325165D}"
EndProject
Project("{FAE04EC0-301F-11D3-BF4B-00C04F79EFBC}") = "MRClient-ModernUIProtoss", "MRClient-ModernUIProtoss\MRClient-ModernUIProtoss.csproj", "{5F2880E4-71BA-4B95-9A09-0368872DAEDA}"
EndProject
Global
	GlobalSection(SolutionConfigurationPlatforms) = preSolution
		Debug|Any CPU = Debug|Any CPU
		Release|Any CPU = Release|Any CPU
	EndGlobalSection
	GlobalSection(ProjectConfigurationPlatforms) = postSolution
		{9A653A28-FE46-40E8-A14F-48B0E325165D}.Debug|Any CPU.ActiveCfg = Debug|Any CPU
		{9A653A28-FE46-40E8-A14F-48B0E325165D}.Debug|Any CPU.Build.0 = Debug|Any CPU
		{9A653A28-FE46-40E8-A14F-48B0E325165D}.Release|Any CPU.ActiveCfg = Release|Any CPU
		{9A653A28-FE46-40E8-A14F-48B0E325165D}.Release|Any CPU.Build.0 = Release|Any CPU
		{5F2880E4-71BA-4B95-9A09-0368872DAEDA}.Debug|Any CPU.ActiveCfg = Debug|Any CPU
		{5F2880E4-71BA-4B95-9A09-0368872DAEDA}.Debug|Any CPU.Build.0 = Debug|Any CPU
		{5F2880E4-71BA-4B95-9A09-0368872DAEDA}.Release|Any CPU.ActiveCfg = Release|Any CPU
		{5F2880E4-71BA-4B95-9A09-0368872DAEDA}.Release|Any CPU.Build.0 = Release|Any CPU
	EndGlobalSection
	GlobalSection(SolutionProperties) = preSolution
		HideSolutionNode = FALSE
	EndGlobalSection
EndGlobal
