
Microsoft Visual Studio Solution File, Format Version 12.00
# Visual Studio 2012
Project("{FAE04EC0-301F-11D3-BF4B-00C04F79EFBC}") = "OperatorCommunicationsStub", "OperatorCommunicationsStub\OperatorCommunicationsStub.csproj", "{A36A5C7D-EF3F-4713-BE8F-0F4A60BEF6D1}"
EndProject
Global
	GlobalSection(SolutionConfigurationPlatforms) = preSolution
		Debug|Any CPU = Debug|Any CPU
		Release|Any CPU = Release|Any CPU
	EndGlobalSection
	GlobalSection(ProjectConfigurationPlatforms) = postSolution
		{A36A5C7D-EF3F-4713-BE8F-0F4A60BEF6D1}.Debug|Any CPU.ActiveCfg = Debug|Any CPU
		{A36A5C7D-EF3F-4713-BE8F-0F4A60BEF6D1}.Debug|Any CPU.Build.0 = Debug|Any CPU
		{A36A5C7D-EF3F-4713-BE8F-0F4A60BEF6D1}.Release|Any CPU.ActiveCfg = Release|Any CPU
		{A36A5C7D-EF3F-4713-BE8F-0F4A60BEF6D1}.Release|Any CPU.Build.0 = Release|Any CPU
	EndGlobalSection
	GlobalSection(SolutionProperties) = preSolution
		HideSolutionNode = FALSE
	EndGlobalSection
EndGlobal
